
Microsoft Visual Studio Solution File, Format Version 12.00
# Visual Studio Version 17
VisualStudioVersion = 17.14.36408.4
MinimumVisualStudioVersion = 10.0.40219.1
Project("{FAE04EC0-301F-11D3-BF4B-00C04F79EFBC}") = "YumBlazor", "YumBlazor\YumBlazor.csproj", "{57C1C5EA-A837-46E6-9E1E-1BC2AD4EC610}"
EndProject
Global
	GlobalSection(SolutionConfigurationPlatforms) = preSolution
		Debug|Any CPU = Debug|Any CPU
		Release|Any CPU = Release|Any CPU
	EndGlobalSection
	GlobalSection(ProjectConfigurationPlatforms) = postSolution
		{57C1C5EA-A837-46E6-9E1E-1BC2AD4EC610}.Debug|Any CPU.ActiveCfg = Debug|Any CPU
		{57C1C5EA-A837-46E6-9E1E-1BC2AD4EC610}.Debug|Any CPU.Build.0 = Debug|Any CPU
		{57C1C5EA-A837-46E6-9E1E-1BC2AD4EC610}.Release|Any CPU.ActiveCfg = Release|Any CPU
		{57C1C5EA-A837-46E6-9E1E-1BC2AD4EC610}.Release|Any CPU.Build.0 = Release|Any CPU
	EndGlobalSection
	GlobalSection(SolutionProperties) = preSolution
		HideSolutionNode = FALSE
	EndGlobalSection
	GlobalSection(ExtensibilityGlobals) = postSolution
		SolutionGuid = {C675DEE0-5E72-4CF4-98DF-AE8CE1D5BC0D}
	EndGlobalSection
EndGlobal
